
Microsoft Visual Studio Solution File, Format Version 12.00
# Visual Studio Version 16
VisualStudioVersion = 16.0.28803.452
MinimumVisualStudioVersion = 10.0.40219.1
Project("{9A19103F-16F7-4668-BE54-9A1E7A4F7556}") = "ng_Core", "ng_Core.csproj", "{7DD9FB9D-F53A-48A1-9037-71E364416ACC}"
EndProject
Global
	GlobalSection(SolutionConfigurationPlatforms) = preSolution
		Debug|Any CPU = Debug|Any CPU
		Release|Any CPU = Release|Any CPU
	EndGlobalSection
	GlobalSection(ProjectConfigurationPlatforms) = postSolution
		{7DD9FB9D-F53A-48A1-9037-71E364416ACC}.Debug|Any CPU.ActiveCfg = Debug|Any CPU
		{7DD9FB9D-F53A-48A1-9037-71E364416ACC}.Debug|Any CPU.Build.0 = Debug|Any CPU
		{7DD9FB9D-F53A-48A1-9037-71E364416ACC}.Release|Any CPU.ActiveCfg = Release|Any CPU
		{7DD9FB9D-F53A-48A1-9037-71E364416ACC}.Release|Any CPU.Build.0 = Release|Any CPU
	EndGlobalSection
	GlobalSection(SolutionProperties) = preSolution
		HideSolutionNode = FALSE
	EndGlobalSection
	GlobalSection(ExtensibilityGlobals) = postSolution
		SolutionGuid = {70AA9958-7CB2-4B7C-BB4B-38AD16CF1DEA}
	EndGlobalSection
EndGlobal
